{
  "name": "wstest",
  "version": "1.0.0",
  "lockfileVersion": 1,
  "requires": true,
  "dependencies": {
    "assembly-version": {
      "version": "0.0.2",
      "resolved": "https://registry.npmjs.org/assembly-version/-/assembly-version-0.0.2.tgz",
      "integrity": "sha512-zwbj9GRBxFd6ZqF+aaPecXzPb9BYQfIwm7E4CfYt2zNE+Yb5XHeRPdUg+wFy25OGuvo57Qrny4s7zaMA6VA+rw=="
    }
  }
}
